
Microsoft Visual Studio Solution File, Format Version 12.00
# Visual Studio Version 16
VisualStudioVersion = 16.0.30011.22
MinimumVisualStudioVersion = 10.0.40219.1
Project("{FAE04EC0-301F-11D3-BF4B-00C04F79EFBC}") = "LibICAP", "LibICAP.csproj", "{0ED04289-D40E-4C05-AA10-31FFAB5E8EE8}"
EndProject
Global
	GlobalSection(SolutionConfigurationPlatforms) = preSolution
		Debug|Any CPU = Debug|Any CPU
		Release|Any CPU = Release|Any CPU
	EndGlobalSection
	GlobalSection(ProjectConfigurationPlatforms) = postSolution
		{0ED04289-D40E-4C05-AA10-31FFAB5E8EE8}.Debug|Any CPU.ActiveCfg = Debug|Any CPU
		{0ED04289-D40E-4C05-AA10-31FFAB5E8EE8}.Debug|Any CPU.Build.0 = Debug|Any CPU
		{0ED04289-D40E-4C05-AA10-31FFAB5E8EE8}.Release|Any CPU.ActiveCfg = Release|Any CPU
		{0ED04289-D40E-4C05-AA10-31FFAB5E8EE8}.Release|Any CPU.Build.0 = Release|Any CPU
	EndGlobalSection
	GlobalSection(SolutionProperties) = preSolution
		HideSolutionNode = FALSE
	EndGlobalSection
	GlobalSection(ExtensibilityGlobals) = postSolution
		SolutionGuid = {7B227EA0-36E7-47E8-9562-53C9064997DC}
	EndGlobalSection
EndGlobal
